
Microsoft Visual Studio Solution File, Format Version 12.00
# Visual Studio 15
VisualStudioVersion = 15.0.28010.2003
MinimumVisualStudioVersion = 10.0.40219.1
Project("{FAE04EC0-301F-11D3-BF4B-00C04F79EFBC}") = "QLKeHoach", "QLKeHoach\QLKeHoach.csproj", "{84E4462B-DC90-4018-A557-CBFE742B6BA2}"
EndProject
Project("{FAE04EC0-301F-11D3-BF4B-00C04F79EFBC}") = "QLKeHoach.Data", "QLKeHoach.Data\QLKeHoach.Data.csproj", "{25763F63-BC4F-4601-B69E-928974D9AF09}"
EndProject
Global
	GlobalSection(SolutionConfigurationPlatforms) = preSolution
		Debug|Any CPU = Debug|Any CPU
		Release|Any CPU = Release|Any CPU
	EndGlobalSection
	GlobalSection(ProjectConfigurationPlatforms) = postSolution
		{84E4462B-DC90-4018-A557-CBFE742B6BA2}.Debug|Any CPU.ActiveCfg = Debug|Any CPU
		{84E4462B-DC90-4018-A557-CBFE742B6BA2}.Debug|Any CPU.Build.0 = Debug|Any CPU
		{84E4462B-DC90-4018-A557-CBFE742B6BA2}.Release|Any CPU.ActiveCfg = Release|Any CPU
		{84E4462B-DC90-4018-A557-CBFE742B6BA2}.Release|Any CPU.Build.0 = Release|Any CPU
		{25763F63-BC4F-4601-B69E-928974D9AF09}.Debug|Any CPU.ActiveCfg = Debug|Any CPU
		{25763F63-BC4F-4601-B69E-928974D9AF09}.Debug|Any CPU.Build.0 = Debug|Any CPU
		{25763F63-BC4F-4601-B69E-928974D9AF09}.Release|Any CPU.ActiveCfg = Release|Any CPU
		{25763F63-BC4F-4601-B69E-928974D9AF09}.Release|Any CPU.Build.0 = Release|Any CPU
	EndGlobalSection
	GlobalSection(SolutionProperties) = preSolution
		HideSolutionNode = FALSE
	EndGlobalSection
	GlobalSection(ExtensibilityGlobals) = postSolution
		SolutionGuid = {E1C5EFEA-372D-4CB5-BF8F-C87CF391767F}
	EndGlobalSection
EndGlobal
